// !$*UTF8*$!
{
	archiveVersion = 1;
	classes = {
	};
	objectVersion = 56;
	objects = {

/* Begin PBXBuildFile section */
		C8F1D8A72C52E3B4009E377F /* LightMeterApp.swift in Sources */ = {isa = PBXBuildFile; fileRef = C8F1D8A62C52E3B4009E377F /* LightMeterApp.swift */; };
		C8F1D8A92C52E3B4009E377F /* ContentView.swift in Sources */ = {isa = PBXBuildFile; fileRef = C8F1D8A82C52E3B4009E377F /* ContentView.swift */; };
		C8F1D8AB2C52E3B5009E377F /* Assets.xcassets in Resources */ = {isa = PBXBuildFile; fileRef = C8F1D8AA2C52E3B5009E377F /* Assets.xcassets */; };
		C8F1D8AE2C52E3B5009E377F /* Preview Assets.xcassets in Resources */ = {isa = PBXBuildFile; fileRef = C8F1D8AD2C52E3B5009E377F /* Preview Assets.xcassets */; };
		C8F1D8B82C52E3B5009E377F /* LightMeterTests.swift in Sources */ = {isa = PBXBuildFile; fileRef = C8F1D8B72C52E3B5009E377F /* LightMeterTests.swift */; };
		C8F1D8C22C52E3B5009E377F /* LightMeterUITests.swift in Sources */ = {isa = PBXBuildFile; fileRef = C8F1D8C12C52E3B5009E377F /* LightMeterUITests.swift */; };
		C8F1D8C42C52E3B5009E377F /* LightMeterUITestsLaunchTests.swift in Sources */ = {isa = PBXBuildFile; fileRef = C8F1D8C32C52E3B5009E377F /* LightMeterUITestsLaunchTests.swift */; };
/* End PBXBuildFile section */

/* Begin PBXContainerItemProxy section */
		C8F1D8B42C52E3B5009E377F /* PBXContainerItemProxy */ = {
			isa = PBXContainerItemProxy;
			containerPortal = C8F1D89B2C52E3B4009E377F /* Project object */;
			proxyType = 1;
			remoteGlobalIDString = C8F1D8A22C52E3B4009E377F;
			remoteInfo = LightMeter;
		};
		C8F1D8BE2C52E3B5009E377F /* PBXContainerItemProxy */ = {
			isa = PBXContainerItemProxy;
			containerPortal = C8F1D89B2C52E3B4009E377F /* Project object */;
			proxyType = 1;
			remoteGlobalIDString = C8F1D8A22C52E3B4009E377F;
			remoteInfo = LightMeter;
		};
/* End PBXContainerItemProxy section */

/* Begin PBXFileReference section */
		C8F1D8A32C52E3B4009E377F /* LightMeter.app */ = {isa = PBXFileReference; explicitFileType = wrapper.application; includeInIndex = 0; path = LightMeter.app; sourceTree = BUILT_PRODUCTS_DIR; };
		C8F1D8A62C52E3B4009E377F /* LightMeterApp.swift */ = {isa = PBXFileReference; lastKnownFileType = sourcecode.swift; path = LightMeterApp.swift; sourceTree = "<group>"; };
		C8F1D8A82C52E3B4009E377F /* ContentView.swift */ = {isa = PBXFileReference; lastKnownFileType = sourcecode.swift; path = ContentView.swift; sourceTree = "<group>"; };
		C8F1D8AA2C52E3B5009E377F /* Assets.xcassets */ = {isa = PBXFileReference; lastKnownFileType = folder.assetcatalog; path = Assets.xcassets; sourceTree = "<group>"; };
		C8F1D8AD2C52E3B5009E377F /* Preview Assets.xcassets */ = {isa = PBXFileReference; lastKnownFileType = folder.assetcatalog; path = "Preview Assets.xcassets"; sourceTree = "<group>"; };
		C8F1D8B32C52E3B5009E377F /* LightMeterTests.xctest */ = {isa = PBXFileReference; explicitFileType = wrapper.cfbundle; includeInIndex = 0; path = LightMeterTests.xctest; sourceTree = BUILT_PRODUCTS_DIR; };
		C8F1D8B72C52E3B5009E377F /* LightMeterTests.swift */ = {isa = PBXFileReference; lastKnownFileType = sourcecode.swift; path = LightMeterTests.swift; sourceTree = "<group>"; };
		C8F1D8BD2C52E3B5009E377F /* LightMeterUITests.xctest */ = {isa = PBXFileReference; explicitFileType = wrapper.cfbundle; includeInIndex = 0; path = LightMeterUITests.xctest; sourceTree = BUILT_PRODUCTS_DIR; };
		C8F1D8C12C52E3B5009E377F /* LightMeterUITests.swift */ = {isa = PBXFileReference; lastKnownFileType = sourcecode.swift; path = LightMeterUITests.swift; sourceTree = "<group>"; };
		C8F1D8C32C52E3B5009E377F /* LightMeterUITestsLaunchTests.swift */ = {isa = PBXFileReference; lastKnownFileType = sourcecode.swift; path = LightMeterUITestsLaunchTests.swift; sourceTree = "<group>"; };
/* End PBXFileReference section */

/* Begin PBXFrameworksBuildPhase section */
		C8F1D8A02C52E3B4009E377F /* Frameworks */ = {
			isa = PBXFrameworksBuildPhase;
			buildActionMask = 2147483647;
			files = (
			);
			runOnlyForDeploymentPostprocessing = 0;
		};
		C8F1D8B02C52E3B5009E377F /* Frameworks */ = {
			isa = PBXFrameworksBuildPhase;
			buildActionMask = 2147483647;
			files = (
			);
			runOnlyForDeploymentPostprocessing = 0;
		};
		C8F1D8BA2C52E3B5009E377F /* Frameworks */ = {
			isa = PBXFrameworksBuildPhase;
			buildActionMask = 2147483647;
			files = (
			);
			runOnlyForDeploymentPostprocessing = 0;
		};
/* End PBXFrameworksBuildPhase section */

/* Begin PBXGroup section */
		C8F1D89A2C52E3B4009E377F = {
			isa = PBXGroup;
			children = (
				C8F1D8A52C52E3B4009E377F /* LightMeter */,
				C8F1D8B62C52E3B5009E377F /* LightMeterTests */,
				C8F1D8C02C52E3B5009E377F /* LightMeterUITests */,
				C8F1D8A42C52E3B4009E377F /* Products */,
			);
			sourceTree = "<group>";
		};
		C8F1D8A42C52E3B4009E377F /* Products */ = {
			isa = PBXGroup;
			children = (
				C8F1D8A32C52E3B4009E377F /* LightMeter.app */,
				C8F1D8B32C52E3B5009E377F /* LightMeterTests.xctest */,
				C8F1D8BD2C52E3B5009E377F /* LightMeterUITests.xctest */,
			);
			name = Products;
			sourceTree = "<group>";
		};
		C8F1D8A52C52E3B4009E377F /* LightMeter */ = {
			isa = PBXGroup;
			children = (
				C8F1D8A62C52E3B4009E377F /* LightMeterApp.swift */,
				C8F1D8A82C52E3B4009E377F /* ContentView.swift */,
				C8F1D8AA2C52E3B5009E377F /* Assets.xcassets */,
				C8F1D8AC2C52E3B5009E377F /* Preview Content */,
			);
			path = LightMeter;
			sourceTree = "<group>";
		};
		C8F1D8AC2C52E3B5009E377F /* Preview Content */ = {
			isa = PBXGroup;
			children = (
				C8F1D8AD2C52E3B5009E377F /* Preview Assets.xcassets */,
			);
			path = "Preview Content";
			sourceTree = "<group>";
		};
		C8F1D8B62C52E3B5009E377F /* LightMeterTests */ = {
			isa = PBXGroup;
			children = (
				C8F1D8B72C52E3B5009E377F /* LightMeterTests.swift */,
			);
			path = LightMeterTests;
			sourceTree = "<group>";
		};
		C8F1D8C02C52E3B5009E377F /* LightMeterUITests */ = {
			isa = PBXGroup;
			children = (
				C8F1D8C12C52E3B5009E377F /* LightMeterUITests.swift */,
				C8F1D8C32C52E3B5009E377F /* LightMeterUITestsLaunchTests.swift */,
			);
			path = LightMeterUITests;
			sourceTree = "<group>";
		};
/* End PBXGroup section */

/* Begin PBXNativeTarget section */
		C8F1D8A22C52E3B4009E377F /* LightMeter */ = {
			isa = PBXNativeTarget;
			buildConfigurationList = C8F1D8C72C52E3B5009E377F /* Build configuration list for PBXNativeTarget "LightMeter" */;
			buildPhases = (
				C8F1D89F2C52E3B4009E377F /* Sources */,
				C8F1D8A02C52E3B4009E377F /* Frameworks */,
				C8F1D8A12C52E3B4009E377F /* Resources */,
			);
			buildRules = (
			);
			dependencies = (
			);
			name = LightMeter;
			productName = LightMeter;
			productReference = C8F1D8A32C52E3B4009E377F /* LightMeter.app */;
			productType = "com.apple.product-type.application";
		};
		C8F1D8B22C52E3B5009E377F /* LightMeterTests */ = {
			isa = PBXNativeTarget;
			buildConfigurationList = C8F1D8CA2C52E3B5009E377F /* Build configuration list for PBXNativeTarget "LightMeterTests" */;
			buildPhases = (
				C8F1D8AF2C52E3B5009E377F /* Sources */,
				C8F1D8B02C52E3B5009E377F /* Frameworks */,
				C8F1D8B12C52E3B5009E377F /* Resources */,
			);
			buildRules = (
			);
			dependencies = (
				C8F1D8B52C52E3B5009E377F /* PBXTargetDependency */,
			);
			name = LightMeterTests;
			productName = LightMeterTests;
			productReference = C8F1D8B32C52E3B5009E377F /* LightMeterTests.xctest */;
			productType = "com.apple.product-type.bundle.unit-test";
		};
		C8F1D8BC2C52E3B5009E377F /* LightMeterUITests */ = {
			isa = PBXNativeTarget;
			buildConfigurationList = C8F1D8CD2C52E3B5009E377F /* Build configuration list for PBXNativeTarget "LightMeterUITests" */;
			buildPhases = (
				C8F1D8B92C52E3B5009E377F /* Sources */,
				C8F1D8BA2C52E3B5009E377F /* Frameworks */,
				C8F1D8BB2C52E3B5009E377F /* Resources */,
			);
			buildRules = (
			);
			dependencies = (
				C8F1D8BF2C52E3B5009E377F /* PBXTargetDependency */,
			);
			name = LightMeterUITests;
			productName = LightMeterUITests;
			productReference = C8F1D8BD2C52E3B5009E377F /* LightMeterUITests.xctest */;
			productType = "com.apple.product-type.bundle.ui-testing";
		};
/* End PBXNativeTarget section */

/* Begin PBXProject section */
		C8F1D89B2C52E3B4009E377F /* Project object */ = {
			isa = PBXProject;
			attributes = {
				BuildIndependentTargetsInParallel = 1;
				LastSwiftUpdateCheck = 1540;
				LastUpgradeCheck = 1540;
				TargetAttributes = {
					C8F1D8A22C52E3B4009E377F = {
						CreatedOnToolsVersion = 15.4;
					};
					C8F1D8B22C52E3B5009E377F = {
						CreatedOnToolsVersion = 15.4;
						TestTargetID = C8F1D8A22C52E3B4009E377F;
					};
					C8F1D8BC2C52E3B5009E377F = {
						CreatedOnToolsVersion = 15.4;
						TestTargetID = C8F1D8A22C52E3B4009E377F;
					};
				};
			};
			buildConfigurationList = C8F1D89E2C52E3B4009E377F /* Build configuration list for PBXProject "LightMeter" */;
			compatibilityVersion = "Xcode 14.0";
			developmentRegion = en;
			hasScannedForEncodings = 0;
			knownRegions = (
				en,
				Base,
			);
			mainGroup = C8F1D89A2C52E3B4009E377F;
			productRefGroup = C8F1D8A42C52E3B4009E377F /* Products */;
			projectDirPath = "";
			projectRoot = "";
			targets = (
				C8F1D8A22C52E3B4009E377F /* LightMeter */,
				C8F1D8B22C52E3B5009E377F /* LightMeterTests */,
				C8F1D8BC2C52E3B5009E377F /* LightMeterUITests */,
			);
		};
/* End PBXProject section */

/* Begin PBXResourcesBuildPhase section */
		C8F1D8A12C52E3B4009E377F /* Resources */ = {
			isa = PBXResourcesBuildPhase;
			buildActionMask = 2147483647;
			files = (
				C8F1D8AE2C52E3B5009E377F /* Preview Assets.xcassets in Resources */,
				C8F1D8AB2C52E3B5009E377F /* Assets.xcassets in Resources */,
			);
			runOnlyForDeploymentPostprocessing = 0;
		};
		C8F1D8B12C52E3B5009E377F /* Resources */ = {
			isa = PBXResourcesBuildPhase;
			buildActionMask = 2147483647;
			files = (
			);
			runOnlyForDeploymentPostprocessing = 0;
		};
		C8F1D8BB2C52E3B5009E377F /* Resources */ = {
			isa = PBXResourcesBuildPhase;
			buildActionMask = 2147483647;
			files = (
			);
			runOnlyForDeploymentPostprocessing = 0;
		};
/* End PBXResourcesBuildPhase section */

/* Begin PBXSourcesBuildPhase section */
		C8F1D89F2C52E3B4009E377F /* Sources */ = {
			isa = PBXSourcesBuildPhase;
			buildActionMask = 2147483647;
			files = (
				C8F1D8A92C52E3B4009E377F /* ContentView.swift in Sources */,
				C8F1D8A72C52E3B4009E377F /* LightMeterApp.swift in Sources */,
			);
			runOnlyForDeploymentPostprocessing = 0;
		};
		C8F1D8AF2C52E3B5009E377F /* Sources */ = {
			isa = PBXSourcesBuildPhase;
			buildActionMask = 2147483647;
			files = (
				C8F1D8B82C52E3B5009E377F /* LightMeterTests.swift in Sources */,
			);
			runOnlyForDeploymentPostprocessing = 0;
		};
		C8F1D8B92C52E3B5009E377F /* Sources */ = {
			isa = PBXSourcesBuildPhase;
			buildActionMask = 2147483647;
			files = (
				C8F1D8C22C52E3B5009E377F /* LightMeterUITests.swift in Sources */,
				C8F1D8C42C52E3B5009E377F /* LightMeterUITestsLaunchTests.swift in Sources */,
			);
			runOnlyForDeploymentPostprocessing = 0;
		};
/* End PBXSourcesBuildPhase section */

/* Begin PBXTargetDependency section */
		C8F1D8B52C52E3B5009E377F /* PBXTargetDependency */ = {
			isa = PBXTargetDependency;
			target = C8F1D8A22C52E3B4009E377F /* LightMeter */;
			targetProxy = C8F1D8B42C52E3B5009E377F /* PBXContainerItemProxy */;
		};
		C8F1D8BF2C52E3B5009E377F /* PBXTargetDependency */ = {
			isa = PBXTargetDependency;
			target = C8F1D8A22C52E3B4009E377F /* LightMeter */;
			targetProxy = C8F1D8BE2C52E3B5009E377F /* PBXContainerItemProxy */;
		};
/* End PBXTargetDependency section */

/* Begin XCBuildConfiguration section */
		C8F1D8C52C52E3B5009E377F /* Debug */ = {
			isa = XCBuildConfiguration;
			buildSettings = {
				ALWAYS_SEARCH_USER_PATHS = NO;
				ASSETCATALOG_COMPILER_GENERATE_SWIFT_ASSET_SYMBOL_EXTENSIONS = YES;
				CLANG_ANALYZER_NONNULL = YES;
				CLANG_ANALYZER_NUMBER_OBJECT_CONVERSION = YES_AGGRESSIVE;
				CLANG_CXX_LANGUAGE_STANDARD = "gnu++20";
				CLANG_ENABLE_MODULES = YES;
				CLANG_ENABLE_OBJC_ARC = YES;
				CLANG_ENABLE_OBJC_WEAK = YES;
				CLANG_WARN_BLOCK_CAPTURE_AUTORELEASING = YES;
				CLANG_WARN_BOOL_CONVERSION = YES;
				CLANG_WARN_COMMA = YES;
				CLANG_WARN_CONSTANT_CONVERSION = YES;
				CLANG_WARN_DEPRECATED_OBJC_IMPLEMENTATIONS = YES;
				CLANG_WARN_DIRECT_OBJC_ISA_USAGE = YES_ERROR;
				CLANG_WARN_DOCUMENTATION_COMMENTS = YES;
				CLANG_WARN_EMPTY_BODY = YES;
				CLANG_WARN_ENUM_CONVERSION = YES;
				CLANG_WARN_INFINITE_RECURSION = YES;
				CLANG_WARN_INT_CONVERSION = YES;
				CLANG_WARN_NON_LITERAL_NULL_CONVERSION = YES;
				CLANG_WARN_OBJC_IMPLICIT_RETAIN_SELF = YES;
				CLANG_WARN_OBJC_LITERAL_CONVERSION = YES;
				CLANG_WARN_OBJC_ROOT_CLASS = YES_ERROR;
				CLANG_WARN_QUOTED_INCLUDE_IN_FRAMEWORK_HEADER = YES;
				CLANG_WARN_RANGE_LOOP_ANALYSIS = YES;
				CLANG_WARN_STRICT_PROTOTYPES = YES;
				CLANG_WARN_SUSPICIOUS_MOVE = YES;
				CLANG_WARN_UNGUARDED_AVAILABILITY = YES_AGGRESSIVE;
				CLANG_WARN_UNREACHABLE_CODE = YES;
				CLANG_WARN__DUPLICATE_METHOD_MATCH = YES;
				COPY_PHASE_STRIP = NO;
				DEBUG_INFORMATION_FORMAT = dwarf;
				ENABLE_STRICT_OBJC_MSGSEND = YES;
				ENABLE_TESTABILITY = YES;
				ENABLE_USER_SCRIPT_SANDBOXING = YES;
				GCC_C_LANGUAGE_STANDARD = gnu17;
				GCC_DYNAMIC_NO_PIC = NO;
				GCC_NO_COMMON_BLOCKS = YES;
				GCC_OPTIMIZATION_LEVEL = 0;
				GCC_PREPROCESSOR_DEFINITIONS = (
					"DEBUG=1",
					"$(inherited)",
				);
				GCC_WARN_64_TO_32_BIT_CONVERSION = YES;
				GCC_WARN_ABOUT_RETURN_TYPE = YES_ERROR;
				GCC_WARN_UNDECLARED_SELECTOR = YES;
				GCC_WARN_UNINITIALIZED_AUTOS = YES_AGGRESSIVE;
				GCC_WARN_UNUSED_FUNCTION = YES;
				GCC_WARN_UNUSED_VARIABLE = YES;
				IPHONEOS_DEPLOYMENT_TARGET = 17.5;
				LOCALIZATION_PREFERS_STRING_CATALOGS = YES;
				MTL_ENABLE_DEBUG_INFO = INCLUDE_SOURCE;
				MTL_FAST_MATH = YES;
				ONLY_ACTIVE_ARCH = YES;
				SDKROOT = iphoneos;
				SWIFT_ACTIVE_COMPILATION_CONDITIONS = "DEBUG $(inherited)";
				SWIFT_OPTIMIZATION_LEVEL = "-Onone";
			};
			name = Debug;
		};
		C8F1D8C62C52E3B5009E377F /* Release */ = {
			isa = XCBuildConfiguration;
			buildSettings = {
				ALWAYS_SEARCH_USER_PATHS = NO;
				ASSETCATALOG_COMPILER_GENERATE_SWIFT_ASSET_SYMBOL_EXTENSIONS = YES;
				CLANG_ANALYZER_NONNULL = YES;
				CLANG_ANALYZER_NUMBER_OBJECT_CONVERSION = YES_AGGRESSIVE;
				CLANG_CXX_LANGUAGE_STANDARD = "gnu++20";
				CLANG_ENABLE_MODULES = YES;
				CLANG_ENABLE_OBJC_ARC = YES;
				CLANG_ENABLE_OBJC_WEAK = YES;
				CLANG_WARN_BLOCK_CAPTURE_AUTORELEASING = YES;
				CLANG_WARN_BOOL_CONVERSION = YES;
				CLANG_WARN_COMMA = YES;
				CLANG_WARN_CONSTANT_CONVERSION = YES;
				CLANG_WARN_DEPRECATED_OBJC_IMPLEMENTATIONS = YES;
				CLANG_WARN_DIRECT_OBJC_ISA_USAGE = YES_ERROR;
				CLANG_WARN_DOCUMENTATION_COMMENTS = YES;
				CLANG_WARN_EMPTY_BODY = YES;
				CLANG_WARN_ENUM_CONVERSION = YES;
				CLANG_WARN_INFINITE_RECURSION = YES;
				CLANG_WARN_INT_CONVERSION = YES;
				CLANG_WARN_NON_LITERAL_NULL_CONVERSION = YES;
				CLANG_WARN_OBJC_IMPLICIT_RETAIN_SELF = YES;
				CLANG_WARN_OBJC_LITERAL_CONVERSION = YES;
				CLANG_WARN_OBJC_ROOT_CLASS = YES_ERROR;
				CLANG_WARN_QUOTED_INCLUDE_IN_FRAMEWORK_HEADER = YES;
				CLANG_WARN_RANGE_LOOP_ANALYSIS = YES;
				CLANG_WARN_STRICT_PROTOTYPES = YES;
				CLANG_WARN_SUSPICIOUS_MOVE = YES;
				CLANG_WARN_UNGUARDED_AVAILABILITY = YES_AGGRESSIVE;
				CLANG_WARN_UNREACHABLE_CODE = YES;
				CLANG_WARN__DUPLICATE_METHOD_MATCH = YES;
				COPY_PHASE_STRIP = NO;
				DEBUG_INFORMATION_FORMAT = "dwarf-with-dsym";
				ENABLE_NS_ASSERTIONS = NO;
				ENABLE_STRICT_OBJC_MSGSEND = YES;
				ENABLE_USER_SCRIPT_SANDBOXING = YES;
				GCC_C_LANGUAGE_STANDARD = gnu17;
				GCC_NO_COMMON_BLOCKS = YES;
				GCC_WARN_64_TO_32_BIT_CONVERSION = YES;
				GCC_WARN_ABOUT_RETURN_TYPE = YES_ERROR;
				GCC_WARN_UNDECLARED_SELECTOR = YES;
				GCC_WARN_UNINITIALIZED_AUTOS = YES_AGGRESSIVE;
				GCC_WARN_UNUSED_FUNCTION = YES;
				GCC_WARN_UNUSED_VARIABLE = YES;
				IPHONEOS_DEPLOYMENT_TARGET = 17.5;
				LOCALIZATION_PREFERS_STRING_CATALOGS = YES;
				MTL_ENABLE_DEBUG_INFO = NO;
				MTL_FAST_MATH = YES;
				SDKROOT = iphoneos;
				SWIFT_COMPILATION_MODE = wholemodule;
				VALIDATE_PRODUCT = YES;
			};
			name = Release;
		};
		C8F1D8C82C52E3B5009E377F /* Debug */ = {
			isa = XCBuildConfiguration;
			buildSettings = {
				ASSETCATALOG_COMPILER_APPICON_NAME = AppIcon;
				ASSETCATALOG_COMPILER_GLOBAL_ACCENT_COLOR_NAME = AccentColor;
				CODE_SIGN_STYLE = Automatic;
				CURRENT_PROJECT_VERSION = 1;
				DEVELOPMENT_ASSET_PATHS = "\"LightMeter/Preview Content\"";
				DEVELOPMENT_TEAM = Q6DXJ6J4G8;
				ENABLE_PREVIEWS = YES;
				GENERATE_INFOPLIST_FILE = YES;
				INFOPLIST_KEY_UIApplicationSceneManifest_Generation = YES;
				INFOPLIST_KEY_UIApplicationSupportsIndirectInputEvents = YES;
				INFOPLIST_KEY_UILaunchScreen_Generation = YES;
				INFOPLIST_KEY_UISupportedInterfaceOrientations_iPad = "UIInterfaceOrientationPortrait UIInterfaceOrientationPortraitUpsideDown UIInterfaceOrientationLandscapeLeft UIInterfaceOrientationLandscapeRight";
				INFOPLIST_KEY_UISupportedInterfaceOrientations_iPhone = "UIInterfaceOrientationPortrait UIInterfaceOrientationLandscapeLeft UIInterfaceOrientationLandscapeRight";
				LD_RUNPATH_SEARCH_PATHS = (
					"$(inherited)",
					"@executable_path/Frameworks",
				);
				MARKETING_VERSION = 1.0;
				PRODUCT_BUNDLE_IDENTIFIER = gys.LightMeter;
				PRODUCT_NAME = "$(TARGET_NAME)";
				SWIFT_EMIT_LOC_STRINGS = YES;
				SWIFT_VERSION = 5.0;
				TARGETED_DEVICE_FAMILY = "1,2";
			};
			name = Debug;
		};
		C8F1D8C92C52E3B5009E377F /* Release */ = {
			isa = XCBuildConfiguration;
			buildSettings = {
				ASSETCATALOG_COMPILER_APPICON_NAME = AppIcon;
				ASSETCATALOG_COMPILER_GLOBAL_ACCENT_COLOR_NAME = AccentColor;
				CODE_SIGN_STYLE = Automatic;
				CURRENT_PROJECT_VERSION = 1;
				DEVELOPMENT_ASSET_PATHS = "\"LightMeter/Preview Content\"";
				DEVELOPMENT_TEAM = Q6DXJ6J4G8;
				ENABLE_PREVIEWS = YES;
				GENERATE_INFOPLIST_FILE = YES;
				INFOPLIST_KEY_UIApplicationSceneManifest_Generation = YES;
				INFOPLIST_KEY_UIApplicationSupportsIndirectInputEvents = YES;
				INFOPLIST_KEY_UILaunchScreen_Generation = YES;
				INFOPLIST_KEY_UISupportedInterfaceOrientations_iPad = "UIInterfaceOrientationPortrait UIInterfaceOrientationPortraitUpsideDown UIInterfaceOrientationLandscapeLeft UIInterfaceOrientationLandscapeRight";
				INFOPLIST_KEY_UISupportedInterfaceOrientations_iPhone = "UIInterfaceOrientationPortrait UIInterfaceOrientationLandscapeLeft UIInterfaceOrientationLandscapeRight";
				LD_RUNPATH_SEARCH_PATHS = (
					"$(inherited)",
					"@executable_path/Frameworks",
				);
				MARKETING_VERSION = 1.0;
				PRODUCT_BUNDLE_IDENTIFIER = gys.LightMeter;
				PRODUCT_NAME = "$(TARGET_NAME)";
				SWIFT_EMIT_LOC_STRINGS = YES;
				SWIFT_VERSION = 5.0;
				TARGETED_DEVICE_FAMILY = "1,2";
			};
			name = Release;
		};
		C8F1D8CB2C52E3B5009E377F /* Debug */ = {
			isa = XCBuildConfiguration;
			buildSettings = {
				ALWAYS_EMBED_SWIFT_STANDARD_LIBRARIES = YES;
				BUNDLE_LOADER = "$(TEST_HOST)";
				CODE_SIGN_STYLE = Automatic;
				CURRENT_PROJECT_VERSION = 1;
				DEVELOPMENT_TEAM = Q6DXJ6J4G8;
				GENERATE_INFOPLIST_FILE = YES;
				IPHONEOS_DEPLOYMENT_TARGET = 17.5;
				MARKETING_VERSION = 1.0;
				PRODUCT_BUNDLE_IDENTIFIER = gys.LightMeterTests;
				PRODUCT_NAME = "$(TARGET_NAME)";
				SWIFT_EMIT_LOC_STRINGS = NO;
				SWIFT_VERSION = 5.0;
				TARGETED_DEVICE_FAMILY = "1,2";
				TEST_HOST = "$(BUILT_PRODUCTS_DIR)/LightMeter.app/$(BUNDLE_EXECUTABLE_FOLDER_PATH)/LightMeter";
			};
			name = Debug;
		};
		C8F1D8CC2C52E3B5009E377F /* Release */ = {
			isa = XCBuildConfiguration;
			buildSettings = {
				ALWAYS_EMBED_SWIFT_STANDARD_LIBRARIES = YES;
				BUNDLE_LOADER = "$(TEST_HOST)";
				CODE_SIGN_STYLE = Automatic;
				CURRENT_PROJECT_VERSION = 1;
				DEVELOPMENT_TEAM = Q6DXJ6J4G8;
				GENERATE_INFOPLIST_FILE = YES;
				IPHONEOS_DEPLOYMENT_TARGET = 17.5;
				MARKETING_VERSION = 1.0;
				PRODUCT_BUNDLE_IDENTIFIER = gys.LightMeterTests;
				PRODUCT_NAME = "$(TARGET_NAME)";
				SWIFT_EMIT_LOC_STRINGS = NO;
				SWIFT_VERSION = 5.0;
				TARGETED_DEVICE_FAMILY = "1,2";
				TEST_HOST = "$(BUILT_PRODUCTS_DIR)/LightMeter.app/$(BUNDLE_EXECUTABLE_FOLDER_PATH)/LightMeter";
			};
			name = Release;
		};
		C8F1D8CE2C52E3B5009E377F /* Debug */ = {
			isa = XCBuildConfiguration;
			buildSettings = {
				ALWAYS_EMBED_SWIFT_STANDARD_LIBRARIES = YES;
				CODE_SIGN_STYLE = Automatic;
				CURRENT_PROJECT_VERSION = 1;
				DEVELOPMENT_TEAM = Q6DXJ6J4G8;
				GENERATE_INFOPLIST_FILE = YES;
				MARKETING_VERSION = 1.0;
				PRODUCT_BUNDLE_IDENTIFIER = gys.LightMeterUITests;
				PRODUCT_NAME = "$(TARGET_NAME)";
				SWIFT_EMIT_LOC_STRINGS = NO;
				SWIFT_VERSION = 5.0;
				TARGETED_DEVICE_FAMILY = "1,2";
				TEST_TARGET_NAME = LightMeter;
			};
			name = Debug;
		};
		C8F1D8CF2C52E3B5009E377F /* Release */ = {
			isa = XCBuildConfiguration;
			buildSettings = {
				ALWAYS_EMBED_SWIFT_STANDARD_LIBRARIES = YES;
				CODE_SIGN_STYLE = Automatic;
				CURRENT_PROJECT_VERSION = 1;
				DEVELOPMENT_TEAM = Q6DXJ6J4G8;
				GENERATE_INFOPLIST_FILE = YES;
				MARKETING_VERSION = 1.0;
				PRODUCT_BUNDLE_IDENTIFIER = gys.LightMeterUITests;
				PRODUCT_NAME = "$(TARGET_NAME)";
				SWIFT_EMIT_LOC_STRINGS = NO;
				SWIFT_VERSION = 5.0;
				TARGETED_DEVICE_FAMILY = "1,2";
				TEST_TARGET_NAME = LightMeter;
			};
			name = Release;
		};
/* End XCBuildConfiguration section */

/* Begin XCConfigurationList section */
		C8F1D89E2C52E3B4009E377F /* Build configuration list for PBXProject "LightMeter" */ = {
			isa = XCConfigurationList;
			buildConfigurations = (
				C8F1D8C52C52E3B5009E377F /* Debug */,
				C8F1D8C62C52E3B5009E377F /* Release */,
			);
			defaultConfigurationIsVisible = 0;
			defaultConfigurationName = Release;
		};
		C8F1D8C72C52E3B5009E377F /* Build configuration list for PBXNativeTarget "LightMeter" */ = {
			isa = XCConfigurationList;
			buildConfigurations = (
				C8F1D8C82C52E3B5009E377F /* Debug */,
				C8F1D8C92C52E3B5009E377F /* Release */,
			);
			defaultConfigurationIsVisible = 0;
			defaultConfigurationName = Release;
		};
		C8F1D8CA2C52E3B5009E377F /* Build configuration list for PBXNativeTarget "LightMeterTests" */ = {
			isa = XCConfigurationList;
			buildConfigurations = (
				C8F1D8CB2C52E3B5009E377F /* Debug */,
				C8F1D8CC2C52E3B5009E377F /* Release */,
			);
			defaultConfigurationIsVisible = 0;
			defaultConfigurationName = Release;
		};
		C8F1D8CD2C52E3B5009E377F /* Build configuration list for PBXNativeTarget "LightMeterUITests" */ = {
			isa = XCConfigurationList;
			buildConfigurations = (
				C8F1D8CE2C52E3B5009E377F /* Debug */,
				C8F1D8CF2C52E3B5009E377F /* Release */,
			);
			defaultConfigurationIsVisible = 0;
			defaultConfigurationName = Release;
		};
/* End XCConfigurationList section */
	};
	rootObject = C8F1D89B2C52E3B4009E377F /* Project object */;
}
